// !$*UTF8*$!
{
	archiveVersion = 1;
	classes = {
	};
	objectVersion = 46;
	objects = {

/* Begin PBXBuildFile section */
		85C0F73D1B24D0F900F4D9ED /* main.m in Sources */ = {isa = PBXBuildFile; fileRef = 85C0F73C1B24D0F900F4D9ED /* main.m */; };
		85C0F7401B24D0F900F4D9ED /* AppDelegate.m in Sources */ = {isa = PBXBuildFile; fileRef = 85C0F73F1B24D0F900F4D9ED /* AppDelegate.m */; };
		85C0F7431B24D0F900F4D9ED /* MasterViewController.m in Sources */ = {isa = PBXBuildFile; fileRef = 85C0F7421B24D0F900F4D9ED /* MasterViewController.m */; };
		85C0F7461B24D0F900F4D9ED /* DetailViewController.m in Sources */ = {isa = PBXBuildFile; fileRef = 85C0F7451B24D0F900F4D9ED /* DetailViewController.m */; };
		85C0F7491B24D0F900F4D9ED /* Main.storyboard in Resources */ = {isa = PBXBuildFile; fileRef = 85C0F7471B24D0F900F4D9ED /* Main.storyboard */; };
		85C0F74B1B24D0F900F4D9ED /* Images.xcassets in Resources */ = {isa = PBXBuildFile; fileRef = 85C0F74A1B24D0F900F4D9ED /* Images.xcassets */; };
		85C0F74E1B24D0F900F4D9ED /* LaunchScreen.xib in Resources */ = {isa = PBXBuildFile; fileRef = 85C0F74C1B24D0F900F4D9ED /* LaunchScreen.xib */; };
		85C0F75A1B24D0F900F4D9ED /* RecipeCoverter2_0Tests.m in Sources */ = {isa = PBXBuildFile; fileRef = 85C0F7591B24D0F900F4D9ED /* RecipeCoverter2_0Tests.m */; };
/* End PBXBuildFile section */

/* Begin PBXContainerItemProxy section */
		85C0F7541B24D0F900F4D9ED /* PBXContainerItemProxy */ = {
			isa = PBXContainerItemProxy;
			containerPortal = 85C0F72F1B24D0F900F4D9ED /* Project object */;
			proxyType = 1;
			remoteGlobalIDString = 85C0F7361B24D0F900F4D9ED;
			remoteInfo = RecipeCoverter2.0;
		};
/* End PBXContainerItemProxy section */

/* Begin PBXFileReference section */
		85C0F7371B24D0F900F4D9ED /* RecipeCoverter2.0.app */ = {isa = PBXFileReference; explicitFileType = wrapper.application; includeInIndex = 0; path = RecipeCoverter2.0.app; sourceTree = BUILT_PRODUCTS_DIR; };
		85C0F73B1B24D0F900F4D9ED /* Info.plist */ = {isa = PBXFileReference; lastKnownFileType = text.plist.xml; path = Info.plist; sourceTree = "<group>"; };
		85C0F73C1B24D0F900F4D9ED /* main.m */ = {isa = PBXFileReference; lastKnownFileType = sourcecode.c.objc; path = main.m; sourceTree = "<group>"; };
		85C0F73E1B24D0F900F4D9ED /* AppDelegate.h */ = {isa = PBXFileReference; lastKnownFileType = sourcecode.c.h; path = AppDelegate.h; sourceTree = "<group>"; };
		85C0F73F1B24D0F900F4D9ED /* AppDelegate.m */ = {isa = PBXFileReference; lastKnownFileType = sourcecode.c.objc; path = AppDelegate.m; sourceTree = "<group>"; };
		85C0F7411B24D0F900F4D9ED /* MasterViewController.h */ = {isa = PBXFileReference; lastKnownFileType = sourcecode.c.h; path = MasterViewController.h; sourceTree = "<group>"; };
		85C0F7421B24D0F900F4D9ED /* MasterViewController.m */ = {isa = PBXFileReference; lastKnownFileType = sourcecode.c.objc; path = MasterViewController.m; sourceTree = "<group>"; };
		85C0F7441B24D0F900F4D9ED /* DetailViewController.h */ = {isa = PBXFileReference; lastKnownFileType = sourcecode.c.h; path = DetailViewController.h; sourceTree = "<group>"; };
		85C0F7451B24D0F900F4D9ED /* DetailViewController.m */ = {isa = PBXFileReference; lastKnownFileType = sourcecode.c.objc; path = DetailViewController.m; sourceTree = "<group>"; };
		85C0F7481B24D0F900F4D9ED /* Base */ = {isa = PBXFileReference; lastKnownFileType = file.storyboard; name = Base; path = Base.lproj/Main.storyboard; sourceTree = "<group>"; };
		85C0F74A1B24D0F900F4D9ED /* Images.xcassets */ = {isa = PBXFileReference; lastKnownFileType = folder.assetcatalog; path = Images.xcassets; sourceTree = "<group>"; };
		85C0F74D1B24D0F900F4D9ED /* Base */ = {isa = PBXFileReference; lastKnownFileType = file.xib; name = Base; path = Base.lproj/LaunchScreen.xib; sourceTree = "<group>"; };
		85C0F7531B24D0F900F4D9ED /* RecipeCoverter2.0Tests.xctest */ = {isa = PBXFileReference; explicitFileType = wrapper.cfbundle; includeInIndex = 0; path = RecipeCoverter2.0Tests.xctest; sourceTree = BUILT_PRODUCTS_DIR; };
		85C0F7581B24D0F900F4D9ED /* Info.plist */ = {isa = PBXFileReference; lastKnownFileType = text.plist.xml; path = Info.plist; sourceTree = "<group>"; };
		85C0F7591B24D0F900F4D9ED /* RecipeCoverter2_0Tests.m */ = {isa = PBXFileReference; lastKnownFileType = sourcecode.c.objc; path = RecipeCoverter2_0Tests.m; sourceTree = "<group>"; };
/* End PBXFileReference section */

/* Begin PBXFrameworksBuildPhase section */
		85C0F7341B24D0F900F4D9ED /* Frameworks */ = {
			isa = PBXFrameworksBuildPhase;
			buildActionMask = 2147483647;
			files = (
			);
			runOnlyForDeploymentPostprocessing = 0;
		};
		85C0F7501B24D0F900F4D9ED /* Frameworks */ = {
			isa = PBXFrameworksBuildPhase;
			buildActionMask = 2147483647;
			files = (
			);
			runOnlyForDeploymentPostprocessing = 0;
		};
/* End PBXFrameworksBuildPhase section */

/* Begin PBXGroup section */
		85C0F72E1B24D0F900F4D9ED = {
			isa = PBXGroup;
			children = (
				85C0F7391B24D0F900F4D9ED /* RecipeCoverter2.0 */,
				85C0F7561B24D0F900F4D9ED /* RecipeCoverter2.0Tests */,
				85C0F7381B24D0F900F4D9ED /* Products */,
			);
			sourceTree = "<group>";
		};
		85C0F7381B24D0F900F4D9ED /* Products */ = {
			isa = PBXGroup;
			children = (
				85C0F7371B24D0F900F4D9ED /* RecipeCoverter2.0.app */,
				85C0F7531B24D0F900F4D9ED /* RecipeCoverter2.0Tests.xctest */,
			);
			name = Products;
			sourceTree = "<group>";
		};
		85C0F7391B24D0F900F4D9ED /* RecipeCoverter2.0 */ = {
			isa = PBXGroup;
			children = (
				85C0F73E1B24D0F900F4D9ED /* AppDelegate.h */,
				85C0F73F1B24D0F900F4D9ED /* AppDelegate.m */,
				85C0F7411B24D0F900F4D9ED /* MasterViewController.h */,
				85C0F7421B24D0F900F4D9ED /* MasterViewController.m */,
				85C0F7441B24D0F900F4D9ED /* DetailViewController.h */,
				85C0F7451B24D0F900F4D9ED /* DetailViewController.m */,
				85C0F7471B24D0F900F4D9ED /* Main.storyboard */,
				85C0F74A1B24D0F900F4D9ED /* Images.xcassets */,
				85C0F74C1B24D0F900F4D9ED /* LaunchScreen.xib */,
				85C0F73A1B24D0F900F4D9ED /* Supporting Files */,
			);
			path = RecipeCoverter2.0;
			sourceTree = "<group>";
		};
		85C0F73A1B24D0F900F4D9ED /* Supporting Files */ = {
			isa = PBXGroup;
			children = (
				85C0F73B1B24D0F900F4D9ED /* Info.plist */,
				85C0F73C1B24D0F900F4D9ED /* main.m */,
			);
			name = "Supporting Files";
			sourceTree = "<group>";
		};
		85C0F7561B24D0F900F4D9ED /* RecipeCoverter2.0Tests */ = {
			isa = PBXGroup;
			children = (
				85C0F7591B24D0F900F4D9ED /* RecipeCoverter2_0Tests.m */,
				85C0F7571B24D0F900F4D9ED /* Supporting Files */,
			);
			path = RecipeCoverter2.0Tests;
			sourceTree = "<group>";
		};
		85C0F7571B24D0F900F4D9ED /* Supporting Files */ = {
			isa = PBXGroup;
			children = (
				85C0F7581B24D0F900F4D9ED /* Info.plist */,
			);
			name = "Supporting Files";
			sourceTree = "<group>";
		};
/* End PBXGroup section */

/* Begin PBXNativeTarget section */
		85C0F7361B24D0F900F4D9ED /* RecipeCoverter2.0 */ = {
			isa = PBXNativeTarget;
			buildConfigurationList = 85C0F75D1B24D0F900F4D9ED /* Build configuration list for PBXNativeTarget "RecipeCoverter2.0" */;
			buildPhases = (
				85C0F7331B24D0F900F4D9ED /* Sources */,
				85C0F7341B24D0F900F4D9ED /* Frameworks */,
				85C0F7351B24D0F900F4D9ED /* Resources */,
			);
			buildRules = (
			);
			dependencies = (
			);
			name = RecipeCoverter2.0;
			productName = RecipeCoverter2.0;
			productReference = 85C0F7371B24D0F900F4D9ED /* RecipeCoverter2.0.app */;
			productType = "com.apple.product-type.application";
		};
		85C0F7521B24D0F900F4D9ED /* RecipeCoverter2.0Tests */ = {
			isa = PBXNativeTarget;
			buildConfigurationList = 85C0F7601B24D0F900F4D9ED /* Build configuration list for PBXNativeTarget "RecipeCoverter2.0Tests" */;
			buildPhases = (
				85C0F74F1B24D0F900F4D9ED /* Sources */,
				85C0F7501B24D0F900F4D9ED /* Frameworks */,
				85C0F7511B24D0F900F4D9ED /* Resources */,
			);
			buildRules = (
			);
			dependencies = (
				85C0F7551B24D0F900F4D9ED /* PBXTargetDependency */,
			);
			name = RecipeCoverter2.0Tests;
			productName = RecipeCoverter2.0Tests;
			productReference = 85C0F7531B24D0F900F4D9ED /* RecipeCoverter2.0Tests.xctest */;
			productType = "com.apple.product-type.bundle.unit-test";
		};
/* End PBXNativeTarget section */

/* Begin PBXProject section */
		85C0F72F1B24D0F900F4D9ED /* Project object */ = {
			isa = PBXProject;
			attributes = {
				LastUpgradeCheck = 0610;
				ORGANIZATIONNAME = msse650;
				TargetAttributes = {
					85C0F7361B24D0F900F4D9ED = {
						CreatedOnToolsVersion = 6.1;
					};
					85C0F7521B24D0F900F4D9ED = {
						CreatedOnToolsVersion = 6.1;
						TestTargetID = 85C0F7361B24D0F900F4D9ED;
					};
				};
			};
			buildConfigurationList = 85C0F7321B24D0F900F4D9ED /* Build configuration list for PBXProject "RecipeCoverter2.0" */;
			compatibilityVersion = "Xcode 3.2";
			developmentRegion = English;
			hasScannedForEncodings = 0;
			knownRegions = (
				en,
				Base,
			);
			mainGroup = 85C0F72E1B24D0F900F4D9ED;
			productRefGroup = 85C0F7381B24D0F900F4D9ED /* Products */;
			projectDirPath = "";
			projectRoot = "";
			targets = (
				85C0F7361B24D0F900F4D9ED /* RecipeCoverter2.0 */,
				85C0F7521B24D0F900F4D9ED /* RecipeCoverter2.0Tests */,
			);
		};
/* End PBXProject section */

/* Begin PBXResourcesBuildPhase section */
		85C0F7351B24D0F900F4D9ED /* Resources */ = {
			isa = PBXResourcesBuildPhase;
			buildActionMask = 2147483647;
			files = (
				85C0F7491B24D0F900F4D9ED /* Main.storyboard in Resources */,
				85C0F74E1B24D0F900F4D9ED /* LaunchScreen.xib in Resources */,
				85C0F74B1B24D0F900F4D9ED /* Images.xcassets in Resources */,
			);
			runOnlyForDeploymentPostprocessing = 0;
		};
		85C0F7511B24D0F900F4D9ED /* Resources */ = {
			isa = PBXResourcesBuildPhase;
			buildActionMask = 2147483647;
			files = (
			);
			runOnlyForDeploymentPostprocessing = 0;
		};
/* End PBXResourcesBuildPhase section */

/* Begin PBXSourcesBuildPhase section */
		85C0F7331B24D0F900F4D9ED /* Sources */ = {
			isa = PBXSourcesBuildPhase;
			buildActionMask = 2147483647;
			files = (
				85C0F7401B24D0F900F4D9ED /* AppDelegate.m in Sources */,
				85C0F7431B24D0F900F4D9ED /* MasterViewController.m in Sources */,
				85C0F73D1B24D0F900F4D9ED /* main.m in Sources */,
				85C0F7461B24D0F900F4D9ED /* DetailViewController.m in Sources */,
			);
			runOnlyForDeploymentPostprocessing = 0;
		};
		85C0F74F1B24D0F900F4D9ED /* Sources */ = {
			isa = PBXSourcesBuildPhase;
			buildActionMask = 2147483647;
			files = (
				85C0F75A1B24D0F900F4D9ED /* RecipeCoverter2_0Tests.m in Sources */,
			);
			runOnlyForDeploymentPostprocessing = 0;
		};
/* End PBXSourcesBuildPhase section */

/* Begin PBXTargetDependency section */
		85C0F7551B24D0F900F4D9ED /* PBXTargetDependency */ = {
			isa = PBXTargetDependency;
			target = 85C0F7361B24D0F900F4D9ED /* RecipeCoverter2.0 */;
			targetProxy = 85C0F7541B24D0F900F4D9ED /* PBXContainerItemProxy */;
		};
/* End PBXTargetDependency section */

/* Begin PBXVariantGroup section */
		85C0F7471B24D0F900F4D9ED /* Main.storyboard */ = {
			isa = PBXVariantGroup;
			children = (
				85C0F7481B24D0F900F4D9ED /* Base */,
			);
			name = Main.storyboard;
			sourceTree = "<group>";
		};
		85C0F74C1B24D0F900F4D9ED /* LaunchScreen.xib */ = {
			isa = PBXVariantGroup;
			children = (
				85C0F74D1B24D0F900F4D9ED /* Base */,
			);
			name = LaunchScreen.xib;
			sourceTree = "<group>";
		};
/* End PBXVariantGroup section */

/* Begin XCBuildConfiguration section */
		85C0F75B1B24D0F900F4D9ED /* Debug */ = {
			isa = XCBuildConfiguration;
			buildSettings = {
				ALWAYS_SEARCH_USER_PATHS = NO;
				CLANG_CXX_LANGUAGE_STANDARD = "gnu++0x";
				CLANG_CXX_LIBRARY = "libc++";
				CLANG_ENABLE_MODULES = YES;
				CLANG_ENABLE_OBJC_ARC = YES;
				CLANG_WARN_BOOL_CONVERSION = YES;
				CLANG_WARN_CONSTANT_CONVERSION = YES;
				CLANG_WARN_DIRECT_OBJC_ISA_USAGE = YES_ERROR;
				CLANG_WARN_EMPTY_BODY = YES;
				CLANG_WARN_ENUM_CONVERSION = YES;
				CLANG_WARN_INT_CONVERSION = YES;
				CLANG_WARN_OBJC_ROOT_CLASS = YES_ERROR;
				CLANG_WARN_UNREACHABLE_CODE = YES;
				CLANG_WARN__DUPLICATE_METHOD_MATCH = YES;
				"CODE_SIGN_IDENTITY[sdk=iphoneos*]" = "iPhone Developer";
				COPY_PHASE_STRIP = NO;
				ENABLE_STRICT_OBJC_MSGSEND = YES;
				GCC_C_LANGUAGE_STANDARD = gnu99;
				GCC_DYNAMIC_NO_PIC = NO;
				GCC_OPTIMIZATION_LEVEL = 0;
				GCC_PREPROCESSOR_DEFINITIONS = (
					"DEBUG=1",
					"$(inherited)",
				);
				GCC_SYMBOLS_PRIVATE_EXTERN = NO;
				GCC_WARN_64_TO_32_BIT_CONVERSION = YES;
				GCC_WARN_ABOUT_RETURN_TYPE = YES_ERROR;
				GCC_WARN_UNDECLARED_SELECTOR = YES;
				GCC_WARN_UNINITIALIZED_AUTOS = YES_AGGRESSIVE;
				GCC_WARN_UNUSED_FUNCTION = YES;
				GCC_WARN_UNUSED_VARIABLE = YES;
				IPHONEOS_DEPLOYMENT_TARGET = 8.1;
				MTL_ENABLE_DEBUG_INFO = YES;
				ONLY_ACTIVE_ARCH = YES;
				SDKROOT = iphoneos;
			};
			name = Debug;
		};
		85C0F75C1B24D0F900F4D9ED /* Release */ = {
			isa = XCBuildConfiguration;
			buildSettings = {
				ALWAYS_SEARCH_USER_PATHS = NO;
				CLANG_CXX_LANGUAGE_STANDARD = "gnu++0x";
				CLANG_CXX_LIBRARY = "libc++";
				CLANG_ENABLE_MODULES = YES;
				CLANG_ENABLE_OBJC_ARC = YES;
				CLANG_WARN_BOOL_CONVERSION = YES;
				CLANG_WARN_CONSTANT_CONVERSION = YES;
				CLANG_WARN_DIRECT_OBJC_ISA_USAGE = YES_ERROR;
				CLANG_WARN_EMPTY_BODY = YES;
				CLANG_WARN_ENUM_CONVERSION = YES;
				CLANG_WARN_INT_CONVERSION = YES;
				CLANG_WARN_OBJC_ROOT_CLASS = YES_ERROR;
				CLANG_WARN_UNREACHABLE_CODE = YES;
				CLANG_WARN__DUPLICATE_METHOD_MATCH = YES;
				"CODE_SIGN_IDENTITY[sdk=iphoneos*]" = "iPhone Developer";
				COPY_PHASE_STRIP = YES;
				ENABLE_NS_ASSERTIONS = NO;
				ENABLE_STRICT_OBJC_MSGSEND = YES;
				GCC_C_LANGUAGE_STANDARD = gnu99;
				GCC_WARN_64_TO_32_BIT_CONVERSION = YES;
				GCC_WARN_ABOUT_RETURN_TYPE = YES_ERROR;
				GCC_WARN_UNDECLARED_SELECTOR = YES;
				GCC_WARN_UNINITIALIZED_AUTOS = YES_AGGRESSIVE;
				GCC_WARN_UNUSED_FUNCTION = YES;
				GCC_WARN_UNUSED_VARIABLE = YES;
				IPHONEOS_DEPLOYMENT_TARGET = 8.1;
				MTL_ENABLE_DEBUG_INFO = NO;
				SDKROOT = iphoneos;
				VALIDATE_PRODUCT = YES;
			};
			name = Release;
		};
		85C0F75E1B24D0F900F4D9ED /* Debug */ = {
			isa = XCBuildConfiguration;
			buildSettings = {
				ASSETCATALOG_COMPILER_APPICON_NAME = AppIcon;
				INFOPLIST_FILE = RecipeCoverter2.0/Info.plist;
				LD_RUNPATH_SEARCH_PATHS = "$(inherited) @executable_path/Frameworks";
				PRODUCT_NAME = "$(TARGET_NAME)";
			};
			name = Debug;
		};
		85C0F75F1B24D0F900F4D9ED /* Release */ = {
			isa = XCBuildConfiguration;
			buildSettings = {
				ASSETCATALOG_COMPILER_APPICON_NAME = AppIcon;
				INFOPLIST_FILE = RecipeCoverter2.0/Info.plist;
				LD_RUNPATH_SEARCH_PATHS = "$(inherited) @executable_path/Frameworks";
				PRODUCT_NAME = "$(TARGET_NAME)";
			};
			name = Release;
		};
		85C0F7611B24D0F900F4D9ED /* Debug */ = {
			isa = XCBuildConfiguration;
			buildSettings = {
				BUNDLE_LOADER = "$(TEST_HOST)";
				FRAMEWORK_SEARCH_PATHS = (
					"$(SDKROOT)/Developer/Library/Frameworks",
					"$(inherited)",
				);
				GCC_PREPROCESSOR_DEFINITIONS = (
					"DEBUG=1",
					"$(inherited)",
				);
				INFOPLIST_FILE = RecipeCoverter2.0Tests/Info.plist;
				LD_RUNPATH_SEARCH_PATHS = "$(inherited) @executable_path/Frameworks @loader_path/Frameworks";
				PRODUCT_NAME = "$(TARGET_NAME)";
				TEST_HOST = "$(BUILT_PRODUCTS_DIR)/RecipeCoverter2.0.app/RecipeCoverter2.0";
			};
			name = Debug;
		};
		85C0F7621B24D0F900F4D9ED /* Release */ = {
			isa = XCBuildConfiguration;
			buildSettings = {
				BUNDLE_LOADER = "$(TEST_HOST)";
				FRAMEWORK_SEARCH_PATHS = (
					"$(SDKROOT)/Developer/Library/Frameworks",
					"$(inherited)",
				);
				INFOPLIST_FILE = RecipeCoverter2.0Tests/Info.plist;
				LD_RUNPATH_SEARCH_PATHS = "$(inherited) @executable_path/Frameworks @loader_path/Frameworks";
				PRODUCT_NAME = "$(TARGET_NAME)";
				TEST_HOST = "$(BUILT_PRODUCTS_DIR)/RecipeCoverter2.0.app/RecipeCoverter2.0";
			};
			name = Release;
		};
/* End XCBuildConfiguration section */

/* Begin XCConfigurationList section */
		85C0F7321B24D0F900F4D9ED /* Build configuration list for PBXProject "RecipeCoverter2.0" */ = {
			isa = XCConfigurationList;
			buildConfigurations = (
				85C0F75B1B24D0F900F4D9ED /* Debug */,
				85C0F75C1B24D0F900F4D9ED /* Release */,
			);
			defaultConfigurationIsVisible = 0;
			defaultConfigurationName = Release;
		};
		85C0F75D1B24D0F900F4D9ED /* Build configuration list for PBXNativeTarget "RecipeCoverter2.0" */ = {
			isa = XCConfigurationList;
			buildConfigurations = (
				85C0F75E1B24D0F900F4D9ED /* Debug */,
				85C0F75F1B24D0F900F4D9ED /* Release */,
			);
			defaultConfigurationIsVisible = 0;
		};
		85C0F7601B24D0F900F4D9ED /* Build configuration list for PBXNativeTarget "RecipeCoverter2.0Tests" */ = {
			isa = XCConfigurationList;
			buildConfigurations = (
				85C0F7611B24D0F900F4D9ED /* Debug */,
				85C0F7621B24D0F900F4D9ED /* Release */,
			);
			defaultConfigurationIsVisible = 0;
		};
/* End XCConfigurationList section */
	};
	rootObject = 85C0F72F1B24D0F900F4D9ED /* Project object */;
}
