// !$*UTF8*$!
{
	archiveVersion = 1;
	classes = {
	};
	objectVersion = 46;
	objects = {

/* Begin PBXBuildFile section */
		E88A77F11B7D126800C7C4A5 /* Tap_Room_FrameworkTests.swift in Sources */ = {isa = PBXBuildFile; fileRef = E88A77F01B7D126800C7C4A5 /* Tap_Room_FrameworkTests.swift */; };
/* End PBXBuildFile section */

/* Begin PBXContainerItemProxy section */
		85763F7A1C77AA09004D3B79 /* PBXContainerItemProxy */ = {
			isa = PBXContainerItemProxy;
			containerPortal = 85763F701C77AA09004D3B79 /* Alamofire.xcodeproj */;
			proxyType = 2;
			remoteGlobalIDString = F8111E3319A95C8B0040E7D1;
			remoteInfo = "Alamofire iOS";
		};
		85763F7C1C77AA09004D3B79 /* PBXContainerItemProxy */ = {
			isa = PBXContainerItemProxy;
			containerPortal = 85763F701C77AA09004D3B79 /* Alamofire.xcodeproj */;
			proxyType = 2;
			remoteGlobalIDString = F8111E3E19A95C8B0040E7D1;
			remoteInfo = "Alamofire iOS Tests";
		};
		85763F7E1C77AA09004D3B79 /* PBXContainerItemProxy */ = {
			isa = PBXContainerItemProxy;
			containerPortal = 85763F701C77AA09004D3B79 /* Alamofire.xcodeproj */;
			proxyType = 2;
			remoteGlobalIDString = 4DD67C0B1A5C55C900ED2280;
			remoteInfo = "Alamofire OSX";
		};
		85763F801C77AA09004D3B79 /* PBXContainerItemProxy */ = {
			isa = PBXContainerItemProxy;
			containerPortal = 85763F701C77AA09004D3B79 /* Alamofire.xcodeproj */;
			proxyType = 2;
			remoteGlobalIDString = F829C6B21A7A94F100A2CD59;
			remoteInfo = "Alamofire OSX Tests";
		};
		85763F821C77AA09004D3B79 /* PBXContainerItemProxy */ = {
			isa = PBXContainerItemProxy;
			containerPortal = 85763F701C77AA09004D3B79 /* Alamofire.xcodeproj */;
			proxyType = 2;
			remoteGlobalIDString = 4CF626EF1BA7CB3E0011A099;
			remoteInfo = "Alamofire tvOS";
		};
		85763F841C77AA09004D3B79 /* PBXContainerItemProxy */ = {
			isa = PBXContainerItemProxy;
			containerPortal = 85763F701C77AA09004D3B79 /* Alamofire.xcodeproj */;
			proxyType = 2;
			remoteGlobalIDString = 4CF626F81BA7CB3E0011A099;
			remoteInfo = "Alamofire tvOS Tests";
		};
		85763F861C77AA09004D3B79 /* PBXContainerItemProxy */ = {
			isa = PBXContainerItemProxy;
			containerPortal = 85763F701C77AA09004D3B79 /* Alamofire.xcodeproj */;
			proxyType = 2;
			remoteGlobalIDString = E4202FE01B667AA100C997FB;
			remoteInfo = "Alamofire watchOS";
		};
/* End PBXContainerItemProxy section */

/* Begin PBXFileReference section */
		85763F701C77AA09004D3B79 /* Alamofire.xcodeproj */ = {isa = PBXFileReference; lastKnownFileType = "wrapper.pb-project"; path = Alamofire.xcodeproj; sourceTree = "<group>"; };
		857957241B8557E00011688B /* Beer.swift */ = {isa = PBXFileReference; fileEncoding = 4; lastKnownFileType = sourcecode.swift; path = Beer.swift; sourceTree = "<group>"; };
		857957D31B85752B0011688B /* BeerRestSvc.swift */ = {isa = PBXFileReference; fileEncoding = 4; lastKnownFileType = sourcecode.swift; path = BeerRestSvc.swift; sourceTree = "<group>"; };
		857957D51B8577340011688B /* SwiftyJSON.swift */ = {isa = PBXFileReference; fileEncoding = 4; lastKnownFileType = sourcecode.swift; path = SwiftyJSON.swift; sourceTree = "<group>"; };
		857957D71B8578030011688B /* BeerType.swift */ = {isa = PBXFileReference; fileEncoding = 4; lastKnownFileType = sourcecode.swift; path = BeerType.swift; sourceTree = "<group>"; };
		961BBD7959F4CE36FA7BC82A /* Brewery.swift */ = {isa = PBXFileReference; fileEncoding = 4; lastKnownFileType = sourcecode.swift; path = Brewery.swift; sourceTree = "<group>"; };
		E88A77D71B7D126800C7C4A5 /* Info.plist */ = {isa = PBXFileReference; lastKnownFileType = text.plist.xml; path = Info.plist; sourceTree = "<group>"; };
		E88A77D81B7D126800C7C4A5 /* AppDelegate.swift */ = {isa = PBXFileReference; lastKnownFileType = sourcecode.swift; path = AppDelegate.swift; sourceTree = "<group>"; };
		E88A77DA1B7D126800C7C4A5 /* FirstViewController.swift */ = {isa = PBXFileReference; lastKnownFileType = sourcecode.swift; path = FirstViewController.swift; sourceTree = "<group>"; };
		E88A77DC1B7D126800C7C4A5 /* SecondViewController.swift */ = {isa = PBXFileReference; lastKnownFileType = sourcecode.swift; path = SecondViewController.swift; sourceTree = "<group>"; };
		E88A77DF1B7D126800C7C4A5 /* Base */ = {isa = PBXFileReference; lastKnownFileType = file.storyboard; name = Base; path = Base.lproj/Main.storyboard; sourceTree = "<group>"; };
		E88A77E11B7D126800C7C4A5 /* Images.xcassets */ = {isa = PBXFileReference; lastKnownFileType = folder.assetcatalog; path = Images.xcassets; sourceTree = "<group>"; };
		E88A77E41B7D126800C7C4A5 /* Base */ = {isa = PBXFileReference; lastKnownFileType = file.xib; name = Base; path = Base.lproj/LaunchScreen.xib; sourceTree = "<group>"; };
		E88A77EA1B7D126800C7C4A5 /* Tap Room FrameworkTests.xctest */ = {isa = PBXFileReference; explicitFileType = wrapper.cfbundle; includeInIndex = 0; path = "Tap Room FrameworkTests.xctest"; sourceTree = BUILT_PRODUCTS_DIR; };
		E88A77EF1B7D126800C7C4A5 /* Info.plist */ = {isa = PBXFileReference; lastKnownFileType = text.plist.xml; path = Info.plist; sourceTree = "<group>"; };
		E88A77F01B7D126800C7C4A5 /* Tap_Room_FrameworkTests.swift */ = {isa = PBXFileReference; lastKnownFileType = sourcecode.swift; path = Tap_Room_FrameworkTests.swift; sourceTree = "<group>"; };
/* End PBXFileReference section */

/* Begin PBXFrameworksBuildPhase section */
		E88A77E71B7D126800C7C4A5 /* Frameworks */ = {
			isa = PBXFrameworksBuildPhase;
			buildActionMask = 2147483647;
			files = (
			);
			runOnlyForDeploymentPostprocessing = 0;
		};
/* End PBXFrameworksBuildPhase section */

/* Begin PBXGroup section */
		85763F711C77AA09004D3B79 /* Products */ = {
			isa = PBXGroup;
			children = (
				85763F7B1C77AA09004D3B79 /* Alamofire.framework */,
				85763F7D1C77AA09004D3B79 /* Alamofire iOS Tests.xctest */,
				85763F7F1C77AA09004D3B79 /* Alamofire.framework */,
				85763F811C77AA09004D3B79 /* Alamofire OSX Tests.xctest */,
				85763F831C77AA09004D3B79 /* Alamofire.framework */,
				85763F851C77AA09004D3B79 /* Alamofire tvOS Tests.xctest */,
				85763F871C77AA09004D3B79 /* Alamofire.framework */,
			);
			name = Products;
			sourceTree = "<group>";
		};
		857957221B85491C0011688B /* model */ = {
			isa = PBXGroup;
			children = (
				857957241B8557E00011688B /* Beer.swift */,
				961BBD7959F4CE36FA7BC82A /* Brewery.swift */,
				857957D71B8578030011688B /* BeerType.swift */,
			);
			name = model;
			sourceTree = "<group>";
		};
		857957231B8549400011688B /* services */ = {
			isa = PBXGroup;
			children = (
				857957D51B8577340011688B /* SwiftyJSON.swift */,
				857957D31B85752B0011688B /* BeerRestSvc.swift */,
			);
			name = services;
			sourceTree = "<group>";
		};
		857957DC1B8A64110011688B /* elements */ = {
			isa = PBXGroup;
			children = (
			);
			name = elements;
			sourceTree = "<group>";
		};
		E88A77CA1B7D126800C7C4A5 = {
			isa = PBXGroup;
			children = (
				85763F701C77AA09004D3B79 /* Alamofire.xcodeproj */,
				E88A77D51B7D126800C7C4A5 /* Tap Room Framework */,
				E88A77ED1B7D126800C7C4A5 /* Tap Room FrameworkTests */,
				E88A77D41B7D126800C7C4A5 /* Products */,
			);
			sourceTree = "<group>";
		};
		E88A77D41B7D126800C7C4A5 /* Products */ = {
			isa = PBXGroup;
			children = (
				E88A77EA1B7D126800C7C4A5 /* Tap Room FrameworkTests.xctest */,
			);
			name = Products;
			sourceTree = "<group>";
		};
		E88A77D51B7D126800C7C4A5 /* Tap Room Framework */ = {
			isa = PBXGroup;
			children = (
				857957DC1B8A64110011688B /* elements */,
				857957231B8549400011688B /* services */,
				857957221B85491C0011688B /* model */,
				E88A77D81B7D126800C7C4A5 /* AppDelegate.swift */,
				E88A77DA1B7D126800C7C4A5 /* FirstViewController.swift */,
				E88A77DC1B7D126800C7C4A5 /* SecondViewController.swift */,
				E88A77DE1B7D126800C7C4A5 /* Main.storyboard */,
				E88A77E11B7D126800C7C4A5 /* Images.xcassets */,
				E88A77E31B7D126800C7C4A5 /* LaunchScreen.xib */,
				E88A77D61B7D126800C7C4A5 /* Supporting Files */,
			);
			path = "Tap Room Framework";
			sourceTree = "<group>";
		};
		E88A77D61B7D126800C7C4A5 /* Supporting Files */ = {
			isa = PBXGroup;
			children = (
				E88A77D71B7D126800C7C4A5 /* Info.plist */,
			);
			name = "Supporting Files";
			sourceTree = "<group>";
		};
		E88A77ED1B7D126800C7C4A5 /* Tap Room FrameworkTests */ = {
			isa = PBXGroup;
			children = (
				E88A77F01B7D126800C7C4A5 /* Tap_Room_FrameworkTests.swift */,
				E88A77EE1B7D126800C7C4A5 /* Supporting Files */,
			);
			path = "Tap Room FrameworkTests";
			sourceTree = "<group>";
		};
		E88A77EE1B7D126800C7C4A5 /* Supporting Files */ = {
			isa = PBXGroup;
			children = (
				E88A77EF1B7D126800C7C4A5 /* Info.plist */,
			);
			name = "Supporting Files";
			sourceTree = "<group>";
		};
/* End PBXGroup section */

/* Begin PBXNativeTarget section */
		E88A77E91B7D126800C7C4A5 /* Tap Room FrameworkTests */ = {
			isa = PBXNativeTarget;
			buildConfigurationList = E88A77F71B7D126800C7C4A5 /* Build configuration list for PBXNativeTarget "Tap Room FrameworkTests" */;
			buildPhases = (
				E88A77E61B7D126800C7C4A5 /* Sources */,
				E88A77E71B7D126800C7C4A5 /* Frameworks */,
				E88A77E81B7D126800C7C4A5 /* Resources */,
			);
			buildRules = (
			);
			dependencies = (
			);
			name = "Tap Room FrameworkTests";
			productName = "Tap Room FrameworkTests";
			productReference = E88A77EA1B7D126800C7C4A5 /* Tap Room FrameworkTests.xctest */;
			productType = "com.apple.product-type.bundle.unit-test";
		};
/* End PBXNativeTarget section */

/* Begin PBXProject section */
		E88A77CB1B7D126800C7C4A5 /* Project object */ = {
			isa = PBXProject;
			attributes = {
				LastUpgradeCheck = 0630;
				ORGANIZATIONNAME = DM;
				TargetAttributes = {
					E88A77E91B7D126800C7C4A5 = {
						CreatedOnToolsVersion = 6.3.2;
						TestTargetID = E88A77D21B7D126800C7C4A5;
					};
				};
			};
			buildConfigurationList = E88A77CE1B7D126800C7C4A5 /* Build configuration list for PBXProject "Tap Room Framework" */;
			compatibilityVersion = "Xcode 3.2";
			developmentRegion = English;
			hasScannedForEncodings = 0;
			knownRegions = (
				en,
				Base,
			);
			mainGroup = E88A77CA1B7D126800C7C4A5;
			productRefGroup = E88A77D41B7D126800C7C4A5 /* Products */;
			projectDirPath = "";
			projectReferences = (
				{
					ProductGroup = 85763F711C77AA09004D3B79 /* Products */;
					ProjectRef = 85763F701C77AA09004D3B79 /* Alamofire.xcodeproj */;
				},
			);
			projectRoot = "";
			targets = (
				E88A77E91B7D126800C7C4A5 /* Tap Room FrameworkTests */,
			);
		};
/* End PBXProject section */

/* Begin PBXReferenceProxy section */
		85763F7B1C77AA09004D3B79 /* Alamofire.framework */ = {
			isa = PBXReferenceProxy;
			fileType = wrapper.framework;
			path = Alamofire.framework;
			remoteRef = 85763F7A1C77AA09004D3B79 /* PBXContainerItemProxy */;
			sourceTree = BUILT_PRODUCTS_DIR;
		};
		85763F7D1C77AA09004D3B79 /* Alamofire iOS Tests.xctest */ = {
			isa = PBXReferenceProxy;
			fileType = wrapper.cfbundle;
			path = "Alamofire iOS Tests.xctest";
			remoteRef = 85763F7C1C77AA09004D3B79 /* PBXContainerItemProxy */;
			sourceTree = BUILT_PRODUCTS_DIR;
		};
		85763F7F1C77AA09004D3B79 /* Alamofire.framework */ = {
			isa = PBXReferenceProxy;
			fileType = wrapper.framework;
			path = Alamofire.framework;
			remoteRef = 85763F7E1C77AA09004D3B79 /* PBXContainerItemProxy */;
			sourceTree = BUILT_PRODUCTS_DIR;
		};
		85763F811C77AA09004D3B79 /* Alamofire OSX Tests.xctest */ = {
			isa = PBXReferenceProxy;
			fileType = wrapper.cfbundle;
			path = "Alamofire OSX Tests.xctest";
			remoteRef = 85763F801C77AA09004D3B79 /* PBXContainerItemProxy */;
			sourceTree = BUILT_PRODUCTS_DIR;
		};
		85763F831C77AA09004D3B79 /* Alamofire.framework */ = {
			isa = PBXReferenceProxy;
			fileType = wrapper.framework;
			path = Alamofire.framework;
			remoteRef = 85763F821C77AA09004D3B79 /* PBXContainerItemProxy */;
			sourceTree = BUILT_PRODUCTS_DIR;
		};
		85763F851C77AA09004D3B79 /* Alamofire tvOS Tests.xctest */ = {
			isa = PBXReferenceProxy;
			fileType = wrapper.cfbundle;
			path = "Alamofire tvOS Tests.xctest";
			remoteRef = 85763F841C77AA09004D3B79 /* PBXContainerItemProxy */;
			sourceTree = BUILT_PRODUCTS_DIR;
		};
		85763F871C77AA09004D3B79 /* Alamofire.framework */ = {
			isa = PBXReferenceProxy;
			fileType = wrapper.framework;
			path = Alamofire.framework;
			remoteRef = 85763F861C77AA09004D3B79 /* PBXContainerItemProxy */;
			sourceTree = BUILT_PRODUCTS_DIR;
		};
/* End PBXReferenceProxy section */

/* Begin PBXResourcesBuildPhase section */
		E88A77E81B7D126800C7C4A5 /* Resources */ = {
			isa = PBXResourcesBuildPhase;
			buildActionMask = 2147483647;
			files = (
			);
			runOnlyForDeploymentPostprocessing = 0;
		};
/* End PBXResourcesBuildPhase section */

/* Begin PBXSourcesBuildPhase section */
		E88A77E61B7D126800C7C4A5 /* Sources */ = {
			isa = PBXSourcesBuildPhase;
			buildActionMask = 2147483647;
			files = (
				E88A77F11B7D126800C7C4A5 /* Tap_Room_FrameworkTests.swift in Sources */,
			);
			runOnlyForDeploymentPostprocessing = 0;
		};
/* End PBXSourcesBuildPhase section */

/* Begin PBXVariantGroup section */
		E88A77DE1B7D126800C7C4A5 /* Main.storyboard */ = {
			isa = PBXVariantGroup;
			children = (
				E88A77DF1B7D126800C7C4A5 /* Base */,
			);
			name = Main.storyboard;
			sourceTree = "<group>";
		};
		E88A77E31B7D126800C7C4A5 /* LaunchScreen.xib */ = {
			isa = PBXVariantGroup;
			children = (
				E88A77E41B7D126800C7C4A5 /* Base */,
			);
			name = LaunchScreen.xib;
			sourceTree = "<group>";
		};
/* End PBXVariantGroup section */

/* Begin XCBuildConfiguration section */
		E88A77F21B7D126800C7C4A5 /* Debug */ = {
			isa = XCBuildConfiguration;
			buildSettings = {
				ALWAYS_SEARCH_USER_PATHS = NO;
				CLANG_CXX_LANGUAGE_STANDARD = "gnu++0x";
				CLANG_CXX_LIBRARY = "libc++";
				CLANG_ENABLE_MODULES = YES;
				CLANG_ENABLE_OBJC_ARC = YES;
				CLANG_WARN_BOOL_CONVERSION = YES;
				CLANG_WARN_CONSTANT_CONVERSION = YES;
				CLANG_WARN_DIRECT_OBJC_ISA_USAGE = YES_ERROR;
				CLANG_WARN_EMPTY_BODY = YES;
				CLANG_WARN_ENUM_CONVERSION = YES;
				CLANG_WARN_INT_CONVERSION = YES;
				CLANG_WARN_OBJC_ROOT_CLASS = YES_ERROR;
				CLANG_WARN_UNREACHABLE_CODE = YES;
				CLANG_WARN__DUPLICATE_METHOD_MATCH = YES;
				"CODE_SIGN_IDENTITY[sdk=iphoneos*]" = "iPhone Developer";
				COPY_PHASE_STRIP = NO;
				DEBUG_INFORMATION_FORMAT = "dwarf-with-dsym";
				ENABLE_STRICT_OBJC_MSGSEND = YES;
				GCC_C_LANGUAGE_STANDARD = gnu99;
				GCC_DYNAMIC_NO_PIC = NO;
				GCC_NO_COMMON_BLOCKS = YES;
				GCC_OPTIMIZATION_LEVEL = 0;
				GCC_PREPROCESSOR_DEFINITIONS = (
					"DEBUG=1",
					"$(inherited)",
				);
				GCC_SYMBOLS_PRIVATE_EXTERN = NO;
				GCC_WARN_64_TO_32_BIT_CONVERSION = YES;
				GCC_WARN_ABOUT_RETURN_TYPE = YES_ERROR;
				GCC_WARN_UNDECLARED_SELECTOR = YES;
				GCC_WARN_UNINITIALIZED_AUTOS = YES_AGGRESSIVE;
				GCC_WARN_UNUSED_FUNCTION = YES;
				GCC_WARN_UNUSED_VARIABLE = YES;
				IPHONEOS_DEPLOYMENT_TARGET = 8.3;
				MTL_ENABLE_DEBUG_INFO = YES;
				ONLY_ACTIVE_ARCH = YES;
				SDKROOT = iphoneos;
				SWIFT_OPTIMIZATION_LEVEL = "-Onone";
				TARGETED_DEVICE_FAMILY = 2;
			};
			name = Debug;
		};
		E88A77F31B7D126800C7C4A5 /* Release */ = {
			isa = XCBuildConfiguration;
			buildSettings = {
				ALWAYS_SEARCH_USER_PATHS = NO;
				CLANG_CXX_LANGUAGE_STANDARD = "gnu++0x";
				CLANG_CXX_LIBRARY = "libc++";
				CLANG_ENABLE_MODULES = YES;
				CLANG_ENABLE_OBJC_ARC = YES;
				CLANG_WARN_BOOL_CONVERSION = YES;
				CLANG_WARN_CONSTANT_CONVERSION = YES;
				CLANG_WARN_DIRECT_OBJC_ISA_USAGE = YES_ERROR;
				CLANG_WARN_EMPTY_BODY = YES;
				CLANG_WARN_ENUM_CONVERSION = YES;
				CLANG_WARN_INT_CONVERSION = YES;
				CLANG_WARN_OBJC_ROOT_CLASS = YES_ERROR;
				CLANG_WARN_UNREACHABLE_CODE = YES;
				CLANG_WARN__DUPLICATE_METHOD_MATCH = YES;
				"CODE_SIGN_IDENTITY[sdk=iphoneos*]" = "iPhone Developer";
				COPY_PHASE_STRIP = NO;
				DEBUG_INFORMATION_FORMAT = "dwarf-with-dsym";
				ENABLE_NS_ASSERTIONS = NO;
				ENABLE_STRICT_OBJC_MSGSEND = YES;
				GCC_C_LANGUAGE_STANDARD = gnu99;
				GCC_NO_COMMON_BLOCKS = YES;
				GCC_WARN_64_TO_32_BIT_CONVERSION = YES;
				GCC_WARN_ABOUT_RETURN_TYPE = YES_ERROR;
				GCC_WARN_UNDECLARED_SELECTOR = YES;
				GCC_WARN_UNINITIALIZED_AUTOS = YES_AGGRESSIVE;
				GCC_WARN_UNUSED_FUNCTION = YES;
				GCC_WARN_UNUSED_VARIABLE = YES;
				IPHONEOS_DEPLOYMENT_TARGET = 8.3;
				MTL_ENABLE_DEBUG_INFO = NO;
				SDKROOT = iphoneos;
				TARGETED_DEVICE_FAMILY = 2;
				VALIDATE_PRODUCT = YES;
			};
			name = Release;
		};
		E88A77F81B7D126800C7C4A5 /* Debug */ = {
			isa = XCBuildConfiguration;
			buildSettings = {
				BUNDLE_LOADER = "$(TEST_HOST)";
				FRAMEWORK_SEARCH_PATHS = (
					"$(SDKROOT)/Developer/Library/Frameworks",
					"$(inherited)",
				);
				GCC_PREPROCESSOR_DEFINITIONS = (
					"DEBUG=1",
					"$(inherited)",
				);
				INFOPLIST_FILE = "Tap Room FrameworkTests/Info.plist";
				LD_RUNPATH_SEARCH_PATHS = "$(inherited) @executable_path/Frameworks @loader_path/Frameworks";
				PRODUCT_NAME = "$(TARGET_NAME)";
				TEST_HOST = "$(BUILT_PRODUCTS_DIR)/Tap Room Framework.app/Tap Room Framework";
			};
			name = Debug;
		};
		E88A77F91B7D126800C7C4A5 /* Release */ = {
			isa = XCBuildConfiguration;
			buildSettings = {
				BUNDLE_LOADER = "$(TEST_HOST)";
				FRAMEWORK_SEARCH_PATHS = (
					"$(SDKROOT)/Developer/Library/Frameworks",
					"$(inherited)",
				);
				INFOPLIST_FILE = "Tap Room FrameworkTests/Info.plist";
				LD_RUNPATH_SEARCH_PATHS = "$(inherited) @executable_path/Frameworks @loader_path/Frameworks";
				PRODUCT_NAME = "$(TARGET_NAME)";
				TEST_HOST = "$(BUILT_PRODUCTS_DIR)/Tap Room Framework.app/Tap Room Framework";
			};
			name = Release;
		};
/* End XCBuildConfiguration section */

/* Begin XCConfigurationList section */
		E88A77CE1B7D126800C7C4A5 /* Build configuration list for PBXProject "Tap Room Framework" */ = {
			isa = XCConfigurationList;
			buildConfigurations = (
				E88A77F21B7D126800C7C4A5 /* Debug */,
				E88A77F31B7D126800C7C4A5 /* Release */,
			);
			defaultConfigurationIsVisible = 0;
			defaultConfigurationName = Release;
		};
		E88A77F71B7D126800C7C4A5 /* Build configuration list for PBXNativeTarget "Tap Room FrameworkTests" */ = {
			isa = XCConfigurationList;
			buildConfigurations = (
				E88A77F81B7D126800C7C4A5 /* Debug */,
				E88A77F91B7D126800C7C4A5 /* Release */,
			);
			defaultConfigurationIsVisible = 0;
			defaultConfigurationName = Release;
		};
/* End XCConfigurationList section */
	};
	rootObject = E88A77CB1B7D126800C7C4A5 /* Project object */;
}
